
Microsoft Visual Studio Solution File, Format Version 12.00
# Visual Studio Version 17
VisualStudioVersion = 17.9.34728.123
MinimumVisualStudioVersion = 10.0.40219.1
Project("{9A19103F-16F7-4668-BE54-9A1E7A4F7556}") = "WebReadSite", "WebReadSite.csproj", "{FA7D4025-C4F2-4A60-983F-227760C33106}"
EndProject
Project("{9A19103F-16F7-4668-BE54-9A1E7A4F7556}") = "Models", "..\Models\Models.csproj", "{9E9D3E9A-C98A-4993-8229-537DE8A3744D}"
EndProject
Project("{9A19103F-16F7-4668-BE54-9A1E7A4F7556}") = "DataAccess", "..\DataAccess\DataAccess.csproj", "{5C0BE5CE-4212-423E-960A-C43AF321F209}"
EndProject
Project("{9A19103F-16F7-4668-BE54-9A1E7A4F7556}") = "Service", "..\Service\Service.csproj", "{ABE20003-6C84-489E-8B0C-4D6236A2F2EF}"
EndProject
Project("{FAE04EC0-301F-11D3-BF4B-00C04F79EFBC}") = "IService", "..\IService\IService.csproj", "{826EBC5D-A5D7-4830-B5D8-B02D065E8B34}"
EndProject
Global
	GlobalSection(SolutionConfigurationPlatforms) = preSolution
		Debug|Any CPU = Debug|Any CPU
		Release|Any CPU = Release|Any CPU
	EndGlobalSection
	GlobalSection(ProjectConfigurationPlatforms) = postSolution
		{FA7D4025-C4F2-4A60-983F-227760C33106}.Debug|Any CPU.ActiveCfg = Debug|Any CPU
		{FA7D4025-C4F2-4A60-983F-227760C33106}.Debug|Any CPU.Build.0 = Debug|Any CPU
		{FA7D4025-C4F2-4A60-983F-227760C33106}.Release|Any CPU.ActiveCfg = Release|Any CPU
		{FA7D4025-C4F2-4A60-983F-227760C33106}.Release|Any CPU.Build.0 = Release|Any CPU
		{9E9D3E9A-C98A-4993-8229-537DE8A3744D}.Debug|Any CPU.ActiveCfg = Debug|Any CPU
		{9E9D3E9A-C98A-4993-8229-537DE8A3744D}.Debug|Any CPU.Build.0 = Debug|Any CPU
		{9E9D3E9A-C98A-4993-8229-537DE8A3744D}.Release|Any CPU.ActiveCfg = Release|Any CPU
		{9E9D3E9A-C98A-4993-8229-537DE8A3744D}.Release|Any CPU.Build.0 = Release|Any CPU
		{5C0BE5CE-4212-423E-960A-C43AF321F209}.Debug|Any CPU.ActiveCfg = Debug|Any CPU
		{5C0BE5CE-4212-423E-960A-C43AF321F209}.Debug|Any CPU.Build.0 = Debug|Any CPU
		{5C0BE5CE-4212-423E-960A-C43AF321F209}.Release|Any CPU.ActiveCfg = Release|Any CPU
		{5C0BE5CE-4212-423E-960A-C43AF321F209}.Release|Any CPU.Build.0 = Release|Any CPU
		{ABE20003-6C84-489E-8B0C-4D6236A2F2EF}.Debug|Any CPU.ActiveCfg = Debug|Any CPU
		{ABE20003-6C84-489E-8B0C-4D6236A2F2EF}.Debug|Any CPU.Build.0 = Debug|Any CPU
		{ABE20003-6C84-489E-8B0C-4D6236A2F2EF}.Release|Any CPU.ActiveCfg = Release|Any CPU
		{ABE20003-6C84-489E-8B0C-4D6236A2F2EF}.Release|Any CPU.Build.0 = Release|Any CPU
		{826EBC5D-A5D7-4830-B5D8-B02D065E8B34}.Debug|Any CPU.ActiveCfg = Debug|Any CPU
		{826EBC5D-A5D7-4830-B5D8-B02D065E8B34}.Debug|Any CPU.Build.0 = Debug|Any CPU
		{826EBC5D-A5D7-4830-B5D8-B02D065E8B34}.Release|Any CPU.ActiveCfg = Release|Any CPU
		{826EBC5D-A5D7-4830-B5D8-B02D065E8B34}.Release|Any CPU.Build.0 = Release|Any CPU
	EndGlobalSection
	GlobalSection(SolutionProperties) = preSolution
		HideSolutionNode = FALSE
	EndGlobalSection
	GlobalSection(ExtensibilityGlobals) = postSolution
		SolutionGuid = {C15258F6-28F1-43BE-9ADC-95D92A562C99}
	EndGlobalSection
EndGlobal
